
Microsoft Visual Studio Solution File, Format Version 12.00
# Visual Studio Version 16
VisualStudioVersion = 16.0.31702.278
MinimumVisualStudioVersion = 10.0.40219.1
Project("{FAE04EC0-301F-11D3-BF4B-00C04F79EFBC}") = "AvaliacaoPt02", "AvaliacaoPt02\AvaliacaoPt02.csproj", "{A4E56633-F9CD-428C-BBE5-70CA6417AE0D}"
EndProject
Global
	GlobalSection(SolutionConfigurationPlatforms) = preSolution
		Debug|Any CPU = Debug|Any CPU
		Release|Any CPU = Release|Any CPU
	EndGlobalSection
	GlobalSection(ProjectConfigurationPlatforms) = postSolution
		{A4E56633-F9CD-428C-BBE5-70CA6417AE0D}.Debug|Any CPU.ActiveCfg = Debug|Any CPU
		{A4E56633-F9CD-428C-BBE5-70CA6417AE0D}.Debug|Any CPU.Build.0 = Debug|Any CPU
		{A4E56633-F9CD-428C-BBE5-70CA6417AE0D}.Release|Any CPU.ActiveCfg = Release|Any CPU
		{A4E56633-F9CD-428C-BBE5-70CA6417AE0D}.Release|Any CPU.Build.0 = Release|Any CPU
	EndGlobalSection
	GlobalSection(SolutionProperties) = preSolution
		HideSolutionNode = FALSE
	EndGlobalSection
	GlobalSection(ExtensibilityGlobals) = postSolution
		SolutionGuid = {C08E6C2E-27DE-46DA-9AF4-FDA440BEB8E0}
	EndGlobalSection
EndGlobal
